
Microsoft Visual Studio Solution File, Format Version 12.00
# Visual Studio Version 16
VisualStudioVersion = 16.0.29613.14
MinimumVisualStudioVersion = 10.0.40219.1
Project("{FAE04EC0-301F-11D3-BF4B-00C04F79EFBC}") = "Ecol.DAL", "Ecol.DAL\Ecol.DAL.csproj", "{D5649373-A655-451D-9A1D-D014B13D18CA}"
EndProject
Project("{FAE04EC0-301F-11D3-BF4B-00C04F79EFBC}") = "Ecol.BLL", "Ecol.BLL\Ecol.BLL.csproj", "{6884A0EC-B5B9-46F5-B8B2-1421F4CB2E7E}"
EndProject
Project("{FAE04EC0-301F-11D3-BF4B-00C04F79EFBC}") = "Ecol.PL.WEB_API", "Ecol.PL.WEB_API\Ecol.PL.WEB_API.csproj", "{7769A72E-0632-46B2-BC92-CF073D1DFD0A}"
EndProject
Global
	GlobalSection(SolutionConfigurationPlatforms) = preSolution
		Debug|Any CPU = Debug|Any CPU
		Release|Any CPU = Release|Any CPU
	EndGlobalSection
	GlobalSection(ProjectConfigurationPlatforms) = postSolution
		{D5649373-A655-451D-9A1D-D014B13D18CA}.Debug|Any CPU.ActiveCfg = Debug|Any CPU
		{D5649373-A655-451D-9A1D-D014B13D18CA}.Debug|Any CPU.Build.0 = Debug|Any CPU
		{D5649373-A655-451D-9A1D-D014B13D18CA}.Release|Any CPU.ActiveCfg = Release|Any CPU
		{D5649373-A655-451D-9A1D-D014B13D18CA}.Release|Any CPU.Build.0 = Release|Any CPU
		{6884A0EC-B5B9-46F5-B8B2-1421F4CB2E7E}.Debug|Any CPU.ActiveCfg = Debug|Any CPU
		{6884A0EC-B5B9-46F5-B8B2-1421F4CB2E7E}.Debug|Any CPU.Build.0 = Debug|Any CPU
		{6884A0EC-B5B9-46F5-B8B2-1421F4CB2E7E}.Release|Any CPU.ActiveCfg = Release|Any CPU
		{6884A0EC-B5B9-46F5-B8B2-1421F4CB2E7E}.Release|Any CPU.Build.0 = Release|Any CPU
		{7769A72E-0632-46B2-BC92-CF073D1DFD0A}.Debug|Any CPU.ActiveCfg = Debug|Any CPU
		{7769A72E-0632-46B2-BC92-CF073D1DFD0A}.Debug|Any CPU.Build.0 = Debug|Any CPU
		{7769A72E-0632-46B2-BC92-CF073D1DFD0A}.Release|Any CPU.ActiveCfg = Release|Any CPU
		{7769A72E-0632-46B2-BC92-CF073D1DFD0A}.Release|Any CPU.Build.0 = Release|Any CPU
	EndGlobalSection
	GlobalSection(SolutionProperties) = preSolution
		HideSolutionNode = FALSE
	EndGlobalSection
	GlobalSection(ExtensibilityGlobals) = postSolution
		SolutionGuid = {B6EF70C5-DBA4-4079-BAF5-1F236153DCE6}
	EndGlobalSection
EndGlobal
